
Microsoft Visual Studio Solution File, Format Version 12.00
# Visual Studio 15
VisualStudioVersion = 15.0.27130.2010
MinimumVisualStudioVersion = 10.0.40219.1
Project("{FAE04EC0-301F-11D3-BF4B-00C04F79EFBC}") = "MyCategories", "MyCategories\MyCategories.csproj", "{A3786C1C-F469-47F7-B3CC-9DE5CBB9786D}"
EndProject
Global
	GlobalSection(SolutionConfigurationPlatforms) = preSolution
		Debug|Any CPU = Debug|Any CPU
		Release|Any CPU = Release|Any CPU
	EndGlobalSection
	GlobalSection(ProjectConfigurationPlatforms) = postSolution
		{A3786C1C-F469-47F7-B3CC-9DE5CBB9786D}.Debug|Any CPU.ActiveCfg = Debug|Any CPU
		{A3786C1C-F469-47F7-B3CC-9DE5CBB9786D}.Debug|Any CPU.Build.0 = Debug|Any CPU
		{A3786C1C-F469-47F7-B3CC-9DE5CBB9786D}.Release|Any CPU.ActiveCfg = Release|Any CPU
		{A3786C1C-F469-47F7-B3CC-9DE5CBB9786D}.Release|Any CPU.Build.0 = Release|Any CPU
	EndGlobalSection
	GlobalSection(SolutionProperties) = preSolution
		HideSolutionNode = FALSE
	EndGlobalSection
	GlobalSection(ExtensibilityGlobals) = postSolution
		SolutionGuid = {D0761297-B8CE-4273-A9DF-8CD4E0D7F2F4}
	EndGlobalSection
EndGlobal
